// !$*UTF8*$!
{
	archiveVersion = 1;
	classes = {
	};
	objectVersion = 50;
	objects = {

/* Begin PBXBuildFile section */
		111DD3A6260D4E7E00C3BD0F /* Cardify.swift in Sources */ = {isa = PBXBuildFile; fileRef = 111DD3A5260D4E7E00C3BD0F /* Cardify.swift */; };
		111DD3A9260E23F600C3BD0F /* CountdownPie.swift in Sources */ = {isa = PBXBuildFile; fileRef = 111DD3A8260E23F600C3BD0F /* CountdownPie.swift */; };
		11297919260A6C57003CF1F8 /* Array+Identifiable.swift in Sources */ = {isa = PBXBuildFile; fileRef = 11297918260A6C57003CF1F8 /* Array+Identifiable.swift */; };
		1129791D260A846F003CF1F8 /* Array+Only.swift in Sources */ = {isa = PBXBuildFile; fileRef = 1129791C260A846F003CF1F8 /* Array+Only.swift */; };
		11297925260BE891003CF1F8 /* Theme.swift in Sources */ = {isa = PBXBuildFile; fileRef = 11297924260BE891003CF1F8 /* Theme.swift */; };
		11A1156E25FB129000A93F1A /* GridLayout.swift in Sources */ = {isa = PBXBuildFile; fileRef = 11A1156D25FB129000A93F1A /* GridLayout.swift */; };
		11A1157525FB153700A93F1A /* Grid.swift in Sources */ = {isa = PBXBuildFile; fileRef = 11A1157425FB153700A93F1A /* Grid.swift */; };
		11B115D625F6D1CC00EADBFE /* AppDelegate.swift in Sources */ = {isa = PBXBuildFile; fileRef = 11B115D525F6D1CC00EADBFE /* AppDelegate.swift */; };
		11B115D825F6D1CC00EADBFE /* SceneDelegate.swift in Sources */ = {isa = PBXBuildFile; fileRef = 11B115D725F6D1CC00EADBFE /* SceneDelegate.swift */; };
		11B115DA25F6D1CC00EADBFE /* EmojiMemoryGameView.swift in Sources */ = {isa = PBXBuildFile; fileRef = 11B115D925F6D1CC00EADBFE /* EmojiMemoryGameView.swift */; };
		11B115DC25F6D1CD00EADBFE /* Assets.xcassets in Resources */ = {isa = PBXBuildFile; fileRef = 11B115DB25F6D1CD00EADBFE /* Assets.xcassets */; };
		11B115DF25F6D1CD00EADBFE /* Preview Assets.xcassets in Resources */ = {isa = PBXBuildFile; fileRef = 11B115DE25F6D1CD00EADBFE /* Preview Assets.xcassets */; };
		11B115E225F6D1CD00EADBFE /* LaunchScreen.storyboard in Resources */ = {isa = PBXBuildFile; fileRef = 11B115E025F6D1CD00EADBFE /* LaunchScreen.storyboard */; };
		11B115EB25F6D27000EADBFE /* EmojiMemoryGame.swift in Sources */ = {isa = PBXBuildFile; fileRef = 11B115EA25F6D27000EADBFE /* EmojiMemoryGame.swift */; };
		50150C652653FE0700F94050 /* MemorizeGame.swift in Sources */ = {isa = PBXBuildFile; fileRef = 11B115ED25F6D27900EADBFE /* MemorizeGame.swift */; };
		50150C672654115200F94050 /* UIColor+RGBA.swift in Sources */ = {isa = PBXBuildFile; fileRef = 50150C662654115200F94050 /* UIColor+RGBA.swift */; };
/* End PBXBuildFile section */

/* Begin PBXFileReference section */
		111DD3A5260D4E7E00C3BD0F /* Cardify.swift */ = {isa = PBXFileReference; lastKnownFileType = sourcecode.swift; path = Cardify.swift; sourceTree = "<group>"; };
		111DD3A8260E23F600C3BD0F /* CountdownPie.swift */ = {isa = PBXFileReference; lastKnownFileType = sourcecode.swift; path = CountdownPie.swift; sourceTree = "<group>"; };
		11297918260A6C57003CF1F8 /* Array+Identifiable.swift */ = {isa = PBXFileReference; lastKnownFileType = sourcecode.swift; path = "Array+Identifiable.swift"; sourceTree = "<group>"; };
		1129791C260A846F003CF1F8 /* Array+Only.swift */ = {isa = PBXFileReference; lastKnownFileType = sourcecode.swift; path = "Array+Only.swift"; sourceTree = "<group>"; };
		11297924260BE891003CF1F8 /* Theme.swift */ = {isa = PBXFileReference; lastKnownFileType = sourcecode.swift; path = Theme.swift; sourceTree = "<group>"; };
		11A1156D25FB129000A93F1A /* GridLayout.swift */ = {isa = PBXFileReference; fileEncoding = 4; lastKnownFileType = sourcecode.swift; path = GridLayout.swift; sourceTree = "<group>"; };
		11A1157425FB153700A93F1A /* Grid.swift */ = {isa = PBXFileReference; lastKnownFileType = sourcecode.swift; path = Grid.swift; sourceTree = "<group>"; };
		11B115D225F6D1CC00EADBFE /* Memory.app */ = {isa = PBXFileReference; explicitFileType = wrapper.application; includeInIndex = 0; path = Memory.app; sourceTree = BUILT_PRODUCTS_DIR; };
		11B115D525F6D1CC00EADBFE /* AppDelegate.swift */ = {isa = PBXFileReference; lastKnownFileType = sourcecode.swift; path = AppDelegate.swift; sourceTree = "<group>"; };
		11B115D725F6D1CC00EADBFE /* SceneDelegate.swift */ = {isa = PBXFileReference; lastKnownFileType = sourcecode.swift; path = SceneDelegate.swift; sourceTree = "<group>"; };
		11B115D925F6D1CC00EADBFE /* EmojiMemoryGameView.swift */ = {isa = PBXFileReference; lastKnownFileType = sourcecode.swift; path = EmojiMemoryGameView.swift; sourceTree = "<group>"; };
		11B115DB25F6D1CD00EADBFE /* Assets.xcassets */ = {isa = PBXFileReference; lastKnownFileType = folder.assetcatalog; path = Assets.xcassets; sourceTree = "<group>"; };
		11B115DE25F6D1CD00EADBFE /* Preview Assets.xcassets */ = {isa = PBXFileReference; lastKnownFileType = folder.assetcatalog; path = "Preview Assets.xcassets"; sourceTree = "<group>"; };
		11B115E125F6D1CD00EADBFE /* Base */ = {isa = PBXFileReference; lastKnownFileType = file.storyboard; name = Base; path = Base.lproj/LaunchScreen.storyboard; sourceTree = "<group>"; };
		11B115E325F6D1CD00EADBFE /* Info.plist */ = {isa = PBXFileReference; lastKnownFileType = text.plist.xml; path = Info.plist; sourceTree = "<group>"; };
		11B115EA25F6D27000EADBFE /* EmojiMemoryGame.swift */ = {isa = PBXFileReference; fileEncoding = 4; lastKnownFileType = sourcecode.swift; path = EmojiMemoryGame.swift; sourceTree = "<group>"; };
		11B115ED25F6D27900EADBFE /* MemorizeGame.swift */ = {isa = PBXFileReference; fileEncoding = 4; lastKnownFileType = sourcecode.swift; path = MemorizeGame.swift; sourceTree = "<group>"; };
		500EAA21265D782E002A69FA /* README.md */ = {isa = PBXFileReference; lastKnownFileType = net.daringfireball.markdown; path = README.md; sourceTree = "<group>"; };
		50150C662654115200F94050 /* UIColor+RGBA.swift */ = {isa = PBXFileReference; lastKnownFileType = sourcecode.swift; path = "UIColor+RGBA.swift"; sourceTree = "<group>"; };
/* End PBXFileReference section */

/* Begin PBXFrameworksBuildPhase section */
		11B115CF25F6D1CC00EADBFE /* Frameworks */ = {
			isa = PBXFrameworksBuildPhase;
			buildActionMask = 2147483647;
			files = (
			);
			runOnlyForDeploymentPostprocessing = 0;
		};
/* End PBXFrameworksBuildPhase section */

/* Begin PBXGroup section */
		11B115C925F6D1CC00EADBFE = {
			isa = PBXGroup;
			children = (
				500EAA21265D782E002A69FA /* README.md */,
				11B115D425F6D1CC00EADBFE /* Memory */,
				11B115D325F6D1CC00EADBFE /* Products */,
			);
			sourceTree = "<group>";
		};
		11B115D325F6D1CC00EADBFE /* Products */ = {
			isa = PBXGroup;
			children = (
				11B115D225F6D1CC00EADBFE /* Memory.app */,
			);
			name = Products;
			sourceTree = "<group>";
		};
		11B115D425F6D1CC00EADBFE /* Memory */ = {
			isa = PBXGroup;
			children = (
				11B115E325F6D1CD00EADBFE /* Info.plist */,
				11B115ED25F6D27900EADBFE /* MemorizeGame.swift */,
				11B115EA25F6D27000EADBFE /* EmojiMemoryGame.swift */,
				11B115D925F6D1CC00EADBFE /* EmojiMemoryGameView.swift */,
				111DD3A5260D4E7E00C3BD0F /* Cardify.swift */,
				11297924260BE891003CF1F8 /* Theme.swift */,
				11A1156D25FB129000A93F1A /* GridLayout.swift */,
				11A1157425FB153700A93F1A /* Grid.swift */,
				111DD3A8260E23F600C3BD0F /* CountdownPie.swift */,
				11297918260A6C57003CF1F8 /* Array+Identifiable.swift */,
				1129791C260A846F003CF1F8 /* Array+Only.swift */,
				50150C662654115200F94050 /* UIColor+RGBA.swift */,
				11B115E025F6D1CD00EADBFE /* LaunchScreen.storyboard */,
				11B115DB25F6D1CD00EADBFE /* Assets.xcassets */,
				11B115D525F6D1CC00EADBFE /* AppDelegate.swift */,
				11B115D725F6D1CC00EADBFE /* SceneDelegate.swift */,
				11B115DD25F6D1CD00EADBFE /* Preview Content */,
			);
			path = Memory;
			sourceTree = "<group>";
		};
		11B115DD25F6D1CD00EADBFE /* Preview Content */ = {
			isa = PBXGroup;
			children = (
				11B115DE25F6D1CD00EADBFE /* Preview Assets.xcassets */,
			);
			path = "Preview Content";
			sourceTree = "<group>";
		};
/* End PBXGroup section */

/* Begin PBXNativeTarget section */
		11B115D125F6D1CC00EADBFE /* Memory */ = {
			isa = PBXNativeTarget;
			buildConfigurationList = 11B115E625F6D1CD00EADBFE /* Build configuration list for PBXNativeTarget "Memory" */;
			buildPhases = (
				11B115CE25F6D1CC00EADBFE /* Sources */,
				11B115CF25F6D1CC00EADBFE /* Frameworks */,
				11B115D025F6D1CC00EADBFE /* Resources */,
			);
			buildRules = (
			);
			dependencies = (
			);
			name = Memory;
			productName = Memory;
			productReference = 11B115D225F6D1CC00EADBFE /* Memory.app */;
			productType = "com.apple.product-type.application";
		};
/* End PBXNativeTarget section */

/* Begin PBXProject section */
		11B115CA25F6D1CC00EADBFE /* Project object */ = {
			isa = PBXProject;
			attributes = {
				LastSwiftUpdateCheck = 1240;
				LastUpgradeCheck = 1240;
				TargetAttributes = {
					11B115D125F6D1CC00EADBFE = {
						CreatedOnToolsVersion = 12.4;
					};
				};
			};
			buildConfigurationList = 11B115CD25F6D1CC00EADBFE /* Build configuration list for PBXProject "Memory" */;
			compatibilityVersion = "Xcode 9.3";
			developmentRegion = en;
			hasScannedForEncodings = 0;
			knownRegions = (
				en,
				Base,
			);
			mainGroup = 11B115C925F6D1CC00EADBFE;
			productRefGroup = 11B115D325F6D1CC00EADBFE /* Products */;
			projectDirPath = "";
			projectRoot = "";
			targets = (
				11B115D125F6D1CC00EADBFE /* Memory */,
			);
		};
/* End PBXProject section */

/* Begin PBXResourcesBuildPhase section */
		11B115D025F6D1CC00EADBFE /* Resources */ = {
			isa = PBXResourcesBuildPhase;
			buildActionMask = 2147483647;
			files = (
				11B115E225F6D1CD00EADBFE /* LaunchScreen.storyboard in Resources */,
				11B115DF25F6D1CD00EADBFE /* Preview Assets.xcassets in Resources */,
				11B115DC25F6D1CD00EADBFE /* Assets.xcassets in Resources */,
			);
			runOnlyForDeploymentPostprocessing = 0;
		};
/* End PBXResourcesBuildPhase section */

/* Begin PBXSourcesBuildPhase section */
		11B115CE25F6D1CC00EADBFE /* Sources */ = {
			isa = PBXSourcesBuildPhase;
			buildActionMask = 2147483647;
			files = (
				11B115D625F6D1CC00EADBFE /* AppDelegate.swift in Sources */,
				50150C652653FE0700F94050 /* MemorizeGame.swift in Sources */,
				11B115D825F6D1CC00EADBFE /* SceneDelegate.swift in Sources */,
				11B115DA25F6D1CC00EADBFE /* EmojiMemoryGameView.swift in Sources */,
				11297925260BE891003CF1F8 /* Theme.swift in Sources */,
				1129791D260A846F003CF1F8 /* Array+Only.swift in Sources */,
				50150C672654115200F94050 /* UIColor+RGBA.swift in Sources */,
				11A1156E25FB129000A93F1A /* GridLayout.swift in Sources */,
				111DD3A6260D4E7E00C3BD0F /* Cardify.swift in Sources */,
				11297919260A6C57003CF1F8 /* Array+Identifiable.swift in Sources */,
				111DD3A9260E23F600C3BD0F /* CountdownPie.swift in Sources */,
				11A1157525FB153700A93F1A /* Grid.swift in Sources */,
				11B115EB25F6D27000EADBFE /* EmojiMemoryGame.swift in Sources */,
			);
			runOnlyForDeploymentPostprocessing = 0;
		};
/* End PBXSourcesBuildPhase section */

/* Begin PBXVariantGroup section */
		11B115E025F6D1CD00EADBFE /* LaunchScreen.storyboard */ = {
			isa = PBXVariantGroup;
			children = (
				11B115E125F6D1CD00EADBFE /* Base */,
			);
			name = LaunchScreen.storyboard;
			sourceTree = "<group>";
		};
/* End PBXVariantGroup section */

/* Begin XCBuildConfiguration section */
		11B115E425F6D1CD00EADBFE /* Debug */ = {
			isa = XCBuildConfiguration;
			buildSettings = {
				ALWAYS_SEARCH_USER_PATHS = NO;
				CLANG_ANALYZER_NONNULL = YES;
				CLANG_ANALYZER_NUMBER_OBJECT_CONVERSION = YES_AGGRESSIVE;
				CLANG_CXX_LANGUAGE_STANDARD = "gnu++14";
				CLANG_CXX_LIBRARY = "libc++";
				CLANG_ENABLE_MODULES = YES;
				CLANG_ENABLE_OBJC_ARC = YES;
				CLANG_ENABLE_OBJC_WEAK = YES;
				CLANG_WARN_BLOCK_CAPTURE_AUTORELEASING = YES;
				CLANG_WARN_BOOL_CONVERSION = YES;
				CLANG_WARN_COMMA = YES;
				CLANG_WARN_CONSTANT_CONVERSION = YES;
				CLANG_WARN_DEPRECATED_OBJC_IMPLEMENTATIONS = YES;
				CLANG_WARN_DIRECT_OBJC_ISA_USAGE = YES_ERROR;
				CLANG_WARN_DOCUMENTATION_COMMENTS = YES;
				CLANG_WARN_EMPTY_BODY = YES;
				CLANG_WARN_ENUM_CONVERSION = YES;
				CLANG_WARN_INFINITE_RECURSION = YES;
				CLANG_WARN_INT_CONVERSION = YES;
				CLANG_WARN_NON_LITERAL_NULL_CONVERSION = YES;
				CLANG_WARN_OBJC_IMPLICIT_RETAIN_SELF = YES;
				CLANG_WARN_OBJC_LITERAL_CONVERSION = YES;
				CLANG_WARN_OBJC_ROOT_CLASS = YES_ERROR;
				CLANG_WARN_QUOTED_INCLUDE_IN_FRAMEWORK_HEADER = YES;
				CLANG_WARN_RANGE_LOOP_ANALYSIS = YES;
				CLANG_WARN_STRICT_PROTOTYPES = YES;
				CLANG_WARN_SUSPICIOUS_MOVE = YES;
				CLANG_WARN_UNGUARDED_AVAILABILITY = YES_AGGRESSIVE;
				CLANG_WARN_UNREACHABLE_CODE = YES;
				CLANG_WARN__DUPLICATE_METHOD_MATCH = YES;
				COPY_PHASE_STRIP = NO;
				DEBUG_INFORMATION_FORMAT = dwarf;
				ENABLE_STRICT_OBJC_MSGSEND = YES;
				ENABLE_TESTABILITY = YES;
				GCC_C_LANGUAGE_STANDARD = gnu11;
				GCC_DYNAMIC_NO_PIC = NO;
				GCC_NO_COMMON_BLOCKS = YES;
				GCC_OPTIMIZATION_LEVEL = 0;
				GCC_PREPROCESSOR_DEFINITIONS = (
					"DEBUG=1",
					"$(inherited)",
				);
				GCC_WARN_64_TO_32_BIT_CONVERSION = YES;
				GCC_WARN_ABOUT_RETURN_TYPE = YES_ERROR;
				GCC_WARN_UNDECLARED_SELECTOR = YES;
				GCC_WARN_UNINITIALIZED_AUTOS = YES_AGGRESSIVE;
				GCC_WARN_UNUSED_FUNCTION = YES;
				GCC_WARN_UNUSED_VARIABLE = YES;
				IPHONEOS_DEPLOYMENT_TARGET = 14.4;
				MTL_ENABLE_DEBUG_INFO = INCLUDE_SOURCE;
				MTL_FAST_MATH = YES;
				ONLY_ACTIVE_ARCH = YES;
				SDKROOT = iphoneos;
				SWIFT_ACTIVE_COMPILATION_CONDITIONS = DEBUG;
				SWIFT_OPTIMIZATION_LEVEL = "-Onone";
			};
			name = Debug;
		};
		11B115E525F6D1CD00EADBFE /* Release */ = {
			isa = XCBuildConfiguration;
			buildSettings = {
				ALWAYS_SEARCH_USER_PATHS = NO;
				CLANG_ANALYZER_NONNULL = YES;
				CLANG_ANALYZER_NUMBER_OBJECT_CONVERSION = YES_AGGRESSIVE;
				CLANG_CXX_LANGUAGE_STANDARD = "gnu++14";
				CLANG_CXX_LIBRARY = "libc++";
				CLANG_ENABLE_MODULES = YES;
				CLANG_ENABLE_OBJC_ARC = YES;
				CLANG_ENABLE_OBJC_WEAK = YES;
				CLANG_WARN_BLOCK_CAPTURE_AUTORELEASING = YES;
				CLANG_WARN_BOOL_CONVERSION = YES;
				CLANG_WARN_COMMA = YES;
				CLANG_WARN_CONSTANT_CONVERSION = YES;
				CLANG_WARN_DEPRECATED_OBJC_IMPLEMENTATIONS = YES;
				CLANG_WARN_DIRECT_OBJC_ISA_USAGE = YES_ERROR;
				CLANG_WARN_DOCUMENTATION_COMMENTS = YES;
				CLANG_WARN_EMPTY_BODY = YES;
				CLANG_WARN_ENUM_CONVERSION = YES;
				CLANG_WARN_INFINITE_RECURSION = YES;
				CLANG_WARN_INT_CONVERSION = YES;
				CLANG_WARN_NON_LITERAL_NULL_CONVERSION = YES;
				CLANG_WARN_OBJC_IMPLICIT_RETAIN_SELF = YES;
				CLANG_WARN_OBJC_LITERAL_CONVERSION = YES;
				CLANG_WARN_OBJC_ROOT_CLASS = YES_ERROR;
				CLANG_WARN_QUOTED_INCLUDE_IN_FRAMEWORK_HEADER = YES;
				CLANG_WARN_RANGE_LOOP_ANALYSIS = YES;
				CLANG_WARN_STRICT_PROTOTYPES = YES;
				CLANG_WARN_SUSPICIOUS_MOVE = YES;
				CLANG_WARN_UNGUARDED_AVAILABILITY = YES_AGGRESSIVE;
				CLANG_WARN_UNREACHABLE_CODE = YES;
				CLANG_WARN__DUPLICATE_METHOD_MATCH = YES;
				COPY_PHASE_STRIP = NO;
				DEBUG_INFORMATION_FORMAT = "dwarf-with-dsym";
				ENABLE_NS_ASSERTIONS = NO;
				ENABLE_STRICT_OBJC_MSGSEND = YES;
				GCC_C_LANGUAGE_STANDARD = gnu11;
				GCC_NO_COMMON_BLOCKS = YES;
				GCC_WARN_64_TO_32_BIT_CONVERSION = YES;
				GCC_WARN_ABOUT_RETURN_TYPE = YES_ERROR;
				GCC_WARN_UNDECLARED_SELECTOR = YES;
				GCC_WARN_UNINITIALIZED_AUTOS = YES_AGGRESSIVE;
				GCC_WARN_UNUSED_FUNCTION = YES;
				GCC_WARN_UNUSED_VARIABLE = YES;
				IPHONEOS_DEPLOYMENT_TARGET = 14.4;
				MTL_ENABLE_DEBUG_INFO = NO;
				MTL_FAST_MATH = YES;
				SDKROOT = iphoneos;
				SWIFT_COMPILATION_MODE = wholemodule;
				SWIFT_OPTIMIZATION_LEVEL = "-O";
				VALIDATE_PRODUCT = YES;
			};
			name = Release;
		};
		11B115E725F6D1CD00EADBFE /* Debug */ = {
			isa = XCBuildConfiguration;
			buildSettings = {
				ASSETCATALOG_COMPILER_APPICON_NAME = AppIcon;
				ASSETCATALOG_COMPILER_GLOBAL_ACCENT_COLOR_NAME = AccentColor;
				CODE_SIGN_STYLE = Automatic;
				DEVELOPMENT_ASSET_PATHS = "\"Memory/Preview Content\"";
				DEVELOPMENT_TEAM = XDPTRV2722;
				ENABLE_PREVIEWS = YES;
				INFOPLIST_FILE = Memory/Info.plist;
				LD_RUNPATH_SEARCH_PATHS = (
					"$(inherited)",
					"@executable_path/Frameworks",
				);
				PRODUCT_BUNDLE_IDENTIFIER = ninja.xquan.Memory;
				PRODUCT_NAME = "$(TARGET_NAME)";
				SWIFT_VERSION = 5.0;
				TARGETED_DEVICE_FAMILY = "1,2";
			};
			name = Debug;
		};
		11B115E825F6D1CD00EADBFE /* Release */ = {
			isa = XCBuildConfiguration;
			buildSettings = {
				ASSETCATALOG_COMPILER_APPICON_NAME = AppIcon;
				ASSETCATALOG_COMPILER_GLOBAL_ACCENT_COLOR_NAME = AccentColor;
				CODE_SIGN_STYLE = Automatic;
				DEVELOPMENT_ASSET_PATHS = "\"Memory/Preview Content\"";
				DEVELOPMENT_TEAM = XDPTRV2722;
				ENABLE_PREVIEWS = YES;
				INFOPLIST_FILE = Memory/Info.plist;
				LD_RUNPATH_SEARCH_PATHS = (
					"$(inherited)",
					"@executable_path/Frameworks",
				);
				PRODUCT_BUNDLE_IDENTIFIER = ninja.xquan.Memory;
				PRODUCT_NAME = "$(TARGET_NAME)";
				SWIFT_VERSION = 5.0;
				TARGETED_DEVICE_FAMILY = "1,2";
			};
			name = Release;
		};
/* End XCBuildConfiguration section */

/* Begin XCConfigurationList section */
		11B115CD25F6D1CC00EADBFE /* Build configuration list for PBXProject "Memory" */ = {
			isa = XCConfigurationList;
			buildConfigurations = (
				11B115E425F6D1CD00EADBFE /* Debug */,
				11B115E525F6D1CD00EADBFE /* Release */,
			);
			defaultConfigurationIsVisible = 0;
			defaultConfigurationName = Release;
		};
		11B115E625F6D1CD00EADBFE /* Build configuration list for PBXNativeTarget "Memory" */ = {
			isa = XCConfigurationList;
			buildConfigurations = (
				11B115E725F6D1CD00EADBFE /* Debug */,
				11B115E825F6D1CD00EADBFE /* Release */,
			);
			defaultConfigurationIsVisible = 0;
			defaultConfigurationName = Release;
		};
/* End XCConfigurationList section */
	};
	rootObject = 11B115CA25F6D1CC00EADBFE /* Project object */;
}
